
Microsoft Visual Studio Solution File, Format Version 12.00
# Visual Studio Version 16
VisualStudioVersion = 16.0.32602.291
MinimumVisualStudioVersion = 10.0.40219.1
Project("{FAE04EC0-301F-11D3-BF4B-00C04F79EFBC}") = "jokesWebApp4", "jokesWebApp4\jokesWebApp4.csproj", "{003F3FD2-4A8A-4780-8A22-CB14600EA0A9}"
EndProject
Global
	GlobalSection(SolutionConfigurationPlatforms) = preSolution
		Debug|Any CPU = Debug|Any CPU
		Release|Any CPU = Release|Any CPU
	EndGlobalSection
	GlobalSection(ProjectConfigurationPlatforms) = postSolution
		{003F3FD2-4A8A-4780-8A22-CB14600EA0A9}.Debug|Any CPU.ActiveCfg = Debug|Any CPU
		{003F3FD2-4A8A-4780-8A22-CB14600EA0A9}.Debug|Any CPU.Build.0 = Debug|Any CPU
		{003F3FD2-4A8A-4780-8A22-CB14600EA0A9}.Release|Any CPU.ActiveCfg = Release|Any CPU
		{003F3FD2-4A8A-4780-8A22-CB14600EA0A9}.Release|Any CPU.Build.0 = Release|Any CPU
	EndGlobalSection
	GlobalSection(SolutionProperties) = preSolution
		HideSolutionNode = FALSE
	EndGlobalSection
	GlobalSection(ExtensibilityGlobals) = postSolution
		SolutionGuid = {BFCD7CE8-7C3A-4711-9C0F-B7A23A2AF56A}
	EndGlobalSection
EndGlobal
